
Microsoft Visual Studio Solution File, Format Version 12.00
# Visual Studio 2013
VisualStudioVersion = 12.0.40629.0
MinimumVisualStudioVersion = 10.0.40219.1
Project("{8BC9CEB8-8B4A-11D0-8D11-00A0C91BC942}") = "GUI", "GUI\GUI.vcxproj", "{836DDBA4-3158-4184-8F38-1DE9A95A5E79}"
	ProjectSection(ProjectDependencies) = postProject
		{2A9EDC9D-09BB-4956-91C9-7A8317B15821} = {2A9EDC9D-09BB-4956-91C9-7A8317B15821}
	EndProjectSection
EndProject
Project("{8BC9CEB8-8B4A-11D0-8D11-00A0C91BC942}") = "Translator", "Translator\Translator.vcxproj", "{2A9EDC9D-09BB-4956-91C9-7A8317B15821}"
EndProject
Global
	GlobalSection(SolutionConfigurationPlatforms) = preSolution
		Debug|Win32 = Debug|Win32
		Release|Win32 = Release|Win32
	EndGlobalSection
	GlobalSection(ProjectConfigurationPlatforms) = postSolution
		{836DDBA4-3158-4184-8F38-1DE9A95A5E79}.Debug|Win32.ActiveCfg = Debug|Win32
		{836DDBA4-3158-4184-8F38-1DE9A95A5E79}.Debug|Win32.Build.0 = Debug|Win32
		{836DDBA4-3158-4184-8F38-1DE9A95A5E79}.Release|Win32.ActiveCfg = Release|Win32
		{836DDBA4-3158-4184-8F38-1DE9A95A5E79}.Release|Win32.Build.0 = Release|Win32
		{2A9EDC9D-09BB-4956-91C9-7A8317B15821}.Debug|Win32.ActiveCfg = Debug|Win32
		{2A9EDC9D-09BB-4956-91C9-7A8317B15821}.Debug|Win32.Build.0 = Debug|Win32
		{2A9EDC9D-09BB-4956-91C9-7A8317B15821}.Release|Win32.ActiveCfg = Release|Win32
		{2A9EDC9D-09BB-4956-91C9-7A8317B15821}.Release|Win32.Build.0 = Release|Win32
	EndGlobalSection
	GlobalSection(SolutionProperties) = preSolution
		HideSolutionNode = FALSE
	EndGlobalSection
EndGlobal
