
Microsoft Visual Studio Solution File, Format Version 12.00
# Visual Studio 2013
VisualStudioVersion = 12.0.40629.0
MinimumVisualStudioVersion = 10.0.40219.1
Project("{8BC9CEB8-8B4A-11D0-8D11-00A0C91BC942}") = "GUI", "GUI\GUI.vcxproj", "{836DDBA4-3158-4184-8F38-1DE9A95A5E79}"
	ProjectSection(ProjectDependencies) = postProject
		{8E81F1AC-32CA-4648-B128-29DE940E3021} = {8E81F1AC-32CA-4648-B128-29DE940E3021}
	EndProjectSection
EndProject
Project("{8BC9CEB8-8B4A-11D0-8D11-00A0C91BC942}") = "Dictionary", "Dictionary\Dictionary.vcxproj", "{8E81F1AC-32CA-4648-B128-29DE940E3021}"
EndProject
Global
	GlobalSection(SolutionConfigurationPlatforms) = preSolution
		Debug|Win32 = Debug|Win32
		Release|Win32 = Release|Win32
	EndGlobalSection
	GlobalSection(ProjectConfigurationPlatforms) = postSolution
		{836DDBA4-3158-4184-8F38-1DE9A95A5E79}.Debug|Win32.ActiveCfg = Debug|Win32
		{836DDBA4-3158-4184-8F38-1DE9A95A5E79}.Debug|Win32.Build.0 = Debug|Win32
		{836DDBA4-3158-4184-8F38-1DE9A95A5E79}.Release|Win32.ActiveCfg = Release|Win32
		{836DDBA4-3158-4184-8F38-1DE9A95A5E79}.Release|Win32.Build.0 = Release|Win32
		{8E81F1AC-32CA-4648-B128-29DE940E3021}.Debug|Win32.ActiveCfg = Debug|Win32
		{8E81F1AC-32CA-4648-B128-29DE940E3021}.Debug|Win32.Build.0 = Debug|Win32
		{8E81F1AC-32CA-4648-B128-29DE940E3021}.Release|Win32.ActiveCfg = Release|Win32
		{8E81F1AC-32CA-4648-B128-29DE940E3021}.Release|Win32.Build.0 = Release|Win32
	EndGlobalSection
	GlobalSection(SolutionProperties) = preSolution
		HideSolutionNode = FALSE
	EndGlobalSection
EndGlobal
